{
	"name": "dynamic-processor",
	"lockfileVersion": 3,
	"requires": true,
	"packages": {
		"": {
			"devDependencies": {
				"@beyond-js/bee": "~0.0.6"
			}
		},
		"node_modules/@beyond-js/bee": {
			"version": "0.0.9",
			"resolved": "https://registry.npmjs.org/@beyond-js/bee/-/bee-0.0.9.tgz",
			"integrity": "sha512-OumPYP1iQnsyDg7Ye/XGpCI0WiRsT1HQfpwpwkF/4C4TOVI70VneZUclpoWhItMm5i/LRCnQ+0QJaCcHRdqDHw==",
			"dev": true
		}
	}
}
